// !$*UTF8*$!
{
	archiveVersion = 1;
	classes = {
	};
	objectVersion = 46;
	objects = {

/* Begin PBXBuildFile section */
		844692571E884202008711E1 /* InitialViewController.swift in Sources */ = {isa = PBXBuildFile; fileRef = 844692561E884202008711E1 /* InitialViewController.swift */; };
		844692581E8859BF008711E1 /* OpenSans-Bold.ttf in Resources */ = {isa = PBXBuildFile; fileRef = 8446924C1E884117008711E1 /* OpenSans-Bold.ttf */; };
		844692591E8859BF008711E1 /* OpenSans-BoldItalic.ttf in Resources */ = {isa = PBXBuildFile; fileRef = 8446924D1E884117008711E1 /* OpenSans-BoldItalic.ttf */; };
		8446925A1E8859BF008711E1 /* OpenSans-ExtraBold.ttf in Resources */ = {isa = PBXBuildFile; fileRef = 8446924E1E884117008711E1 /* OpenSans-ExtraBold.ttf */; };
		8446925B1E8859BF008711E1 /* OpenSans-ExtraBoldItalic.ttf in Resources */ = {isa = PBXBuildFile; fileRef = 8446924F1E884117008711E1 /* OpenSans-ExtraBoldItalic.ttf */; };
		8446925C1E8859BF008711E1 /* OpenSans-Italic.ttf in Resources */ = {isa = PBXBuildFile; fileRef = 844692501E884117008711E1 /* OpenSans-Italic.ttf */; };
		8446925D1E8859BF008711E1 /* OpenSans-Light.ttf in Resources */ = {isa = PBXBuildFile; fileRef = 844692511E884117008711E1 /* OpenSans-Light.ttf */; };
		8446925E1E8859BF008711E1 /* OpenSans-LightItalic.ttf in Resources */ = {isa = PBXBuildFile; fileRef = 844692521E884117008711E1 /* OpenSans-LightItalic.ttf */; };
		8446925F1E8859BF008711E1 /* OpenSans-Regular.ttf in Resources */ = {isa = PBXBuildFile; fileRef = 844692531E884117008711E1 /* OpenSans-Regular.ttf */; };
		844692601E8859BF008711E1 /* OpenSans-Semibold.ttf in Resources */ = {isa = PBXBuildFile; fileRef = 844692541E884117008711E1 /* OpenSans-Semibold.ttf */; };
		844692611E8859BF008711E1 /* OpenSans-SemiboldItalic.ttf in Resources */ = {isa = PBXBuildFile; fileRef = 844692551E884117008711E1 /* OpenSans-SemiboldItalic.ttf */; };
		8446926E1E885E03008711E1 /* Charts.framework in Frameworks */ = {isa = PBXBuildFile; fileRef = 844692691E885DE4008711E1 /* Charts.framework */; };
		844692701E887FB2008711E1 /* NewUserViewControllerOne.swift in Sources */ = {isa = PBXBuildFile; fileRef = 8446926F1E887FB2008711E1 /* NewUserViewControllerOne.swift */; };
		844692721E887FC3008711E1 /* NewUserViewControllerTwo.swift in Sources */ = {isa = PBXBuildFile; fileRef = 844692711E887FC3008711E1 /* NewUserViewControllerTwo.swift */; };
		844692741E887FD1008711E1 /* NewUserViewControllerThree.swift in Sources */ = {isa = PBXBuildFile; fileRef = 844692731E887FD1008711E1 /* NewUserViewControllerThree.swift */; };
		844692761E888CF7008711E1 /* NewUserViewControllerFour.swift in Sources */ = {isa = PBXBuildFile; fileRef = 844692751E888CF7008711E1 /* NewUserViewControllerFour.swift */; };
		8446927E1E894D65008711E1 /* AddFoodViewController.swift in Sources */ = {isa = PBXBuildFile; fileRef = 8446927D1E894D65008711E1 /* AddFoodViewController.swift */; };
		84832BCD1E8992BA00D99B90 /* SettingsViewController.swift in Sources */ = {isa = PBXBuildFile; fileRef = 84832BCC1E8992BA00D99B90 /* SettingsViewController.swift */; };
		84832BCF1E89A86500D99B90 /* FoodListViewController.swift in Sources */ = {isa = PBXBuildFile; fileRef = 84832BCE1E89A86500D99B90 /* FoodListViewController.swift */; };
		84A80DBC1E8AB4D9009DC9AA /* FeedingTimeViewController.swift in Sources */ = {isa = PBXBuildFile; fileRef = 84A80DBB1E8AB4D9009DC9AA /* FeedingTimeViewController.swift */; };
		84A80DC11E8AE776009DC9AA /* FoodTableViewCell.swift in Sources */ = {isa = PBXBuildFile; fileRef = 84A80DC01E8AE776009DC9AA /* FoodTableViewCell.swift */; };
		E7A30F04011761FF00000000 /* UserPoolNewPasswordViewController.swift in Sources */ = {isa = PBXBuildFile; fileRef = 1DD70E2983A2DAC900000000 /* UserPoolNewPasswordViewController.swift */; };
		E7A30F0404ADE05E00000000 /* UtilityFunctions.swift in Sources */ = {isa = PBXBuildFile; fileRef = 1DD70E29A1CD7A3C00000000 /* UtilityFunctions.swift */; };
		E7A30F04071EEC5500000000 /* Main.storyboard in Resources */ = {isa = PBXBuildFile; fileRef = 1DD70E29011D052D00000000 /* Main.storyboard */; };
		E7A30F040B257A9C00000000 /* libsqlite3.tbd in Frameworks */ = {isa = PBXBuildFile; fileRef = 1DD70E297D45C38400000000 /* libsqlite3.tbd */; };
		E7A30F0412D95B7000000000 /* SafariServices.framework in Frameworks */ = {isa = PBXBuildFile; fileRef = 1DD70E297A843E7900000000 /* SafariServices.framework */; };
		E7A30F041A7F5B9A00000000 /* NoSQLTableFactory.swift in Sources */ = {isa = PBXBuildFile; fileRef = 1DD70E296F64BBE500000000 /* NoSQLTableFactory.swift */; };
		E7A30F041BAAD07400000000 /* libz.tbd in Frameworks */ = {isa = PBXBuildFile; fileRef = 1DD70E293786928E00000000 /* libz.tbd */; };
		E7A30F042A6CC1A900000000 /* UserIdentity.storyboard in Resources */ = {isa = PBXBuildFile; fileRef = 1DD70E29B7EC6F9100000000 /* UserIdentity.storyboard */; };
		E7A30F042B98A26600000000 /* SignInViewControllerExtensions.swift in Sources */ = {isa = PBXBuildFile; fileRef = 1DD70E293004543100000000 /* SignInViewControllerExtensions.swift */; };
		E7A30F0431018C6C00000000 /* FeedingTable.swift in Sources */ = {isa = PBXBuildFile; fileRef = 1DD70E29E9954B7700000000 /* FeedingTable.swift */; };
		E7A30F043B11ABD100000000 /* UserTable.swift in Sources */ = {isa = PBXBuildFile; fileRef = 1DD70E29B5660F1100000000 /* UserTable.swift */; };
		E7A30F043BECFC4F00000000 /* NoSQLModelHelpers.swift in Sources */ = {isa = PBXBuildFile; fileRef = 1DD70E2942AEB46500000000 /* NoSQLModelHelpers.swift */; };
		E7A30F043E26C8FE00000000 /* NoSQLDatabase.storyboard in Resources */ = {isa = PBXBuildFile; fileRef = 1DD70E29F442C06700000000 /* NoSQLDatabase.storyboard */; };
		E7A30F043FBAD73600000000 /* Launch Screen.storyboard in Resources */ = {isa = PBXBuildFile; fileRef = 1DD70E29A9F2A40100000000 /* Launch Screen.storyboard */; };
		E7A30F04417E59A900000000 /* UserPools.storyboard in Resources */ = {isa = PBXBuildFile; fileRef = 1DD70E2910888AB300000000 /* UserPools.storyboard */; };
		E7A30F044DC1E2AC00000000 /* MainViewController.swift in Sources */ = {isa = PBXBuildFile; fileRef = 1DD70E29280EF49F00000000 /* MainViewController.swift */; };
		E7A30F044DDF393B00000000 /* CFNetwork.framework in Frameworks */ = {isa = PBXBuildFile; fileRef = 1DD70E29B5EF859300000000 /* CFNetwork.framework */; };
		E7A30F044F0CC4E300000000 /* SignInViewController.swift in Sources */ = {isa = PBXBuildFile; fileRef = 1DD70E29F83E194200000000 /* SignInViewController.swift */; };
		E7A30F045105B41800000000 /* AWSCognitoIdentityProvider.framework in Embed Frameworks */ = {isa = PBXBuildFile; fileRef = 1DD70E296C0EA02600000000 /* AWSCognitoIdentityProvider.framework */; settings = {ATTRIBUTES = (CodeSignOnCopy, RemoveHeadersOnCopy, ); }; };
		E7A30F045105B41800000001 /* AWSCognitoIdentityProvider.framework in Frameworks */ = {isa = PBXBuildFile; fileRef = 1DD70E296C0EA02600000000 /* AWSCognitoIdentityProvider.framework */; };
		E7A30F04524B487D00000000 /* NoSQLSampleDataGenerator.swift in Sources */ = {isa = PBXBuildFile; fileRef = 1DD70E29D21D8DE700000000 /* NoSQLSampleDataGenerator.swift */; };
		E7A30F045602F7C300000000 /* AWSMobileClient.swift in Sources */ = {isa = PBXBuildFile; fileRef = 1DD70E2947C1528300000000 /* AWSMobileClient.swift */; };
		E7A30F045FAFBC9C00000000 /* SignIn.storyboard in Resources */ = {isa = PBXBuildFile; fileRef = 1DD70E29EACA8D2A00000000 /* SignIn.storyboard */; };
		E7A30F0460918F8200000000 /* DemoFeature.swift in Sources */ = {isa = PBXBuildFile; fileRef = 1DD70E29193A008B00000000 /* DemoFeature.swift */; };
		E7A30F046638247700000000 /* NoSQLQueryResultViewController.swift in Sources */ = {isa = PBXBuildFile; fileRef = 1DD70E29F33A838900000000 /* NoSQLQueryResultViewController.swift */; };
		E7A30F047310C44B00000000 /* FoodTable.swift in Sources */ = {isa = PBXBuildFile; fileRef = 1DD70E29898CAC8700000000 /* FoodTable.swift */; };
		E7A30F04771A06EE00000000 /* AWSConfiguration.swift in Sources */ = {isa = PBXBuildFile; fileRef = 1DD70E29AD9D52F900000000 /* AWSConfiguration.swift */; };
		E7A30F04793C5A0F00000000 /* AppDelegate.swift in Sources */ = {isa = PBXBuildFile; fileRef = 1DD70E29E4927CB300000000 /* AppDelegate.swift */; };
		E7A30F0480107C9D00000000 /* NoSQLTableViewController.swift in Sources */ = {isa = PBXBuildFile; fileRef = 1DD70E293A3A114700000000 /* NoSQLTableViewController.swift */; };
		E7A30F0482BFD68A00000000 /* Pet.swift in Sources */ = {isa = PBXBuildFile; fileRef = 1DD70E29CAB8D0A200000000 /* Pet.swift */; };
		E7A30F04A37C515F00000000 /* UserPoolForgotPasswordViewController.swift in Sources */ = {isa = PBXBuildFile; fileRef = 1DD70E29B19D94C300000000 /* UserPoolForgotPasswordViewController.swift */; };
		E7A30F04B6460A2600000000 /* AWSMobileHubHelper.framework in Frameworks */ = {isa = PBXBuildFile; fileRef = 1DD70E293EF3A2E700000000 /* AWSMobileHubHelper.framework */; };
		E7A30F04B686C59B00000000 /* UIKit.framework in Frameworks */ = {isa = PBXBuildFile; fileRef = 1DD70E29C65ECE1500000000 /* UIKit.framework */; };
		E7A30F04C1F1DC9000000000 /* AWSDynamoDB.framework in Embed Frameworks */ = {isa = PBXBuildFile; fileRef = 1DD70E29FC0D6AA400000000 /* AWSDynamoDB.framework */; settings = {ATTRIBUTES = (CodeSignOnCopy, RemoveHeadersOnCopy, ); }; };
		E7A30F04C1F1DC9000000001 /* AWSDynamoDB.framework in Frameworks */ = {isa = PBXBuildFile; fileRef = 1DD70E29FC0D6AA400000000 /* AWSDynamoDB.framework */; };
		E7A30F04C9901FC000000000 /* SystemConfiguration.framework in Frameworks */ = {isa = PBXBuildFile; fileRef = 1DD70E295D478E9B00000000 /* SystemConfiguration.framework */; };
		E7A30F04CA6ED38900000000 /* UserPoolMFAViewController.swift in Sources */ = {isa = PBXBuildFile; fileRef = 1DD70E290752513F00000000 /* UserPoolMFAViewController.swift */; };
		E7A30F04D260619100000000 /* UserIdentityViewController.swift in Sources */ = {isa = PBXBuildFile; fileRef = 1DD70E297FA6FABB00000000 /* UserIdentityViewController.swift */; };
		E7A30F04D2943AE700000000 /* AWSCore.framework in Embed Frameworks */ = {isa = PBXBuildFile; fileRef = 1DD70E29AE21346600000000 /* AWSCore.framework */; settings = {ATTRIBUTES = (CodeSignOnCopy, RemoveHeadersOnCopy, ); }; };
		E7A30F04D2943AE700000001 /* AWSCore.framework in Frameworks */ = {isa = PBXBuildFile; fileRef = 1DD70E29AE21346600000000 /* AWSCore.framework */; };
		E7A30F04DAE3335B00000000 /* Foundation.framework in Frameworks */ = {isa = PBXBuildFile; fileRef = 1DD70E297C04359F00000000 /* Foundation.framework */; };
		E7A30F04DB5794EA00000000 /* MediaPlayer.framework in Frameworks */ = {isa = PBXBuildFile; fileRef = 1DD70E29559DB23F00000000 /* MediaPlayer.framework */; };
		E7A30F04E196F03C00000000 /* Images.xcassets in Resources */ = {isa = PBXBuildFile; fileRef = 1DD70E2926521A9100000000 /* Images.xcassets */; };
		E7A30F04EAF543AD00000000 /* PetTable.swift in Sources */ = {isa = PBXBuildFile; fileRef = 1DD70E295B2BD37D00000000 /* PetTable.swift */; };
		E7A30F04EBB3733200000000 /* UserPoolSignUpConfirmationViewController.swift in Sources */ = {isa = PBXBuildFile; fileRef = 1DD70E29F55A6E9500000000 /* UserPoolSignUpConfirmationViewController.swift */; };
		E7A30F04EF2A7A7C00000000 /* Food.swift in Sources */ = {isa = PBXBuildFile; fileRef = 1DD70E29B0E8646600000000 /* Food.swift */; };
		E7A30F04F2BEA0CE00000000 /* User.swift in Sources */ = {isa = PBXBuildFile; fileRef = 1DD70E29F9EA139C00000000 /* User.swift */; };
		E7A30F04F36D39EE00000000 /* UserPoolSignUpViewController.swift in Sources */ = {isa = PBXBuildFile; fileRef = 1DD70E29F159272F00000000 /* UserPoolSignUpViewController.swift */; };
		E7A30F04F436E84900000000 /* Feeding.swift in Sources */ = {isa = PBXBuildFile; fileRef = 1DD70E29D47817E800000000 /* Feeding.swift */; };
		E7A30F04FBFE40D800000000 /* NoSQLTableListViewController.swift in Sources */ = {isa = PBXBuildFile; fileRef = 1DD70E29DDA7D42B00000000 /* NoSQLTableListViewController.swift */; };
		E7A30F04FEBCA13700000000 /* Security.framework in Frameworks */ = {isa = PBXBuildFile; fileRef = 1DD70E2971B0811500000000 /* Security.framework */; };
/* End PBXBuildFile section */

/* Begin PBXContainerItemProxy section */
		844692681E885DE4008711E1 /* PBXContainerItemProxy */ = {
			isa = PBXContainerItemProxy;
			containerPortal = 844692621E885DE3008711E1 /* Charts.xcodeproj */;
			proxyType = 2;
			remoteGlobalIDString = 06165F241D8110E600722320;
			remoteInfo = Charts;
		};
		8446926A1E885DE4008711E1 /* PBXContainerItemProxy */ = {
			isa = PBXContainerItemProxy;
			containerPortal = 844692621E885DE3008711E1 /* Charts.xcodeproj */;
			proxyType = 2;
			remoteGlobalIDString = 06B120D51D811E6200D14B02;
			remoteInfo = ChartsRealm;
		};
		8446926C1E885DE4008711E1 /* PBXContainerItemProxy */ = {
			isa = PBXContainerItemProxy;
			containerPortal = 844692621E885DE3008711E1 /* Charts.xcodeproj */;
			proxyType = 2;
			remoteGlobalIDString = 06165F2E1D8110E600722320;
			remoteInfo = ChartsTests;
		};
/* End PBXContainerItemProxy section */

/* Begin PBXCopyFilesBuildPhase section */
		FAF5FAC90000000000000000 /* Embed Frameworks */ = {
			isa = PBXCopyFilesBuildPhase;
			buildActionMask = 2147483647;
			dstPath = "";
			dstSubfolderSpec = 10;
			files = (
				E7A30F045105B41800000000 /* AWSCognitoIdentityProvider.framework in Embed Frameworks */,
				E7A30F04C1F1DC9000000000 /* AWSDynamoDB.framework in Embed Frameworks */,
				E7A30F04D2943AE700000000 /* AWSCore.framework in Embed Frameworks */,
			);
			name = "Embed Frameworks";
			runOnlyForDeploymentPostprocessing = 0;
		};
/* End PBXCopyFilesBuildPhase section */

/* Begin PBXFileReference section */
		1DD70E29011D052D00000000 /* Main.storyboard */ = {isa = PBXFileReference; lastKnownFileType = file.storyboard; name = Main.storyboard; path = MySampleApp/App/Main.storyboard; sourceTree = SOURCE_ROOT; };
		1DD70E290752513F00000000 /* UserPoolMFAViewController.swift */ = {isa = PBXFileReference; lastKnownFileType = sourcecode.swift; name = UserPoolMFAViewController.swift; path = MySampleApp/App/SignIn/UserPools/UserPoolMFAViewController.swift; sourceTree = SOURCE_ROOT; };
		1DD70E2910888AB300000000 /* UserPools.storyboard */ = {isa = PBXFileReference; lastKnownFileType = file.storyboard; name = UserPools.storyboard; path = MySampleApp/App/SignIn/UserPools/UserPools.storyboard; sourceTree = SOURCE_ROOT; };
		1DD70E29193A008B00000000 /* DemoFeature.swift */ = {isa = PBXFileReference; lastKnownFileType = sourcecode.swift; name = DemoFeature.swift; path = MySampleApp/Demo/DemoFeature.swift; sourceTree = SOURCE_ROOT; };
		1DD70E2926521A9100000000 /* Images.xcassets */ = {isa = PBXFileReference; lastKnownFileType = folder.assetcatalog; name = Images.xcassets; path = MySampleApp/App/Images.xcassets; sourceTree = SOURCE_ROOT; };
		1DD70E29280EF49F00000000 /* MainViewController.swift */ = {isa = PBXFileReference; lastKnownFileType = sourcecode.swift; name = MainViewController.swift; path = MySampleApp/App/MainViewController.swift; sourceTree = SOURCE_ROOT; };
		1DD70E293004543100000000 /* SignInViewControllerExtensions.swift */ = {isa = PBXFileReference; lastKnownFileType = sourcecode.swift; name = SignInViewControllerExtensions.swift; path = MySampleApp/App/SignIn/UserPools/SignInViewControllerExtensions.swift; sourceTree = SOURCE_ROOT; };
		1DD70E293786928E00000000 /* libz.tbd */ = {isa = PBXFileReference; lastKnownFileType = "sourcecode.text-based-dylib-definition"; name = libz.tbd; path = usr/lib/libz.tbd; sourceTree = SDKROOT; };
		1DD70E293A3A114700000000 /* NoSQLTableViewController.swift */ = {isa = PBXFileReference; lastKnownFileType = sourcecode.swift; name = NoSQLTableViewController.swift; path = MySampleApp/Demo/NoSQL/NoSQLTableViewController.swift; sourceTree = SOURCE_ROOT; };
		1DD70E293EF3A2E700000000 /* AWSMobileHubHelper.framework */ = {isa = PBXFileReference; lastKnownFileType = wrapper.framework; name = AWSMobileHubHelper.framework; path = MySampleApp/AmazonAws/AWSMobileHubHelper.framework; sourceTree = "<group>"; };
		1DD70E2942AEB46500000000 /* NoSQLModelHelpers.swift */ = {isa = PBXFileReference; lastKnownFileType = sourcecode.swift; name = NoSQLModelHelpers.swift; path = MySampleApp/Demo/NoSQL/NoSQLModelHelpers.swift; sourceTree = SOURCE_ROOT; };
		1DD70E2947C1528300000000 /* AWSMobileClient.swift */ = {isa = PBXFileReference; lastKnownFileType = sourcecode.swift; name = AWSMobileClient.swift; path = MySampleApp/AmazonAws/AWSMobileClient.swift; sourceTree = SOURCE_ROOT; };
		1DD70E29559DB23F00000000 /* MediaPlayer.framework */ = {isa = PBXFileReference; lastKnownFileType = wrapper.framework; name = MediaPlayer.framework; path = System/Library/Frameworks/MediaPlayer.framework; sourceTree = SDKROOT; };
		1DD70E295B2BD37D00000000 /* PetTable.swift */ = {isa = PBXFileReference; lastKnownFileType = sourcecode.swift; name = PetTable.swift; path = MySampleApp/Demo/NoSQL/PetTable.swift; sourceTree = SOURCE_ROOT; };
		1DD70E295D478E9B00000000 /* SystemConfiguration.framework */ = {isa = PBXFileReference; lastKnownFileType = wrapper.framework; name = SystemConfiguration.framework; path = System/Library/Frameworks/SystemConfiguration.framework; sourceTree = SDKROOT; };
		1DD70E29697B4A7000000000 /* Info.plist */ = {isa = PBXFileReference; lastKnownFileType = text.plist.xml; name = Info.plist; path = MySampleApp/App/SupportingFiles/Info.plist; sourceTree = SOURCE_ROOT; };
		1DD70E296C0EA02600000000 /* AWSCognitoIdentityProvider.framework */ = {isa = PBXFileReference; lastKnownFileType = wrapper.framework; name = AWSCognitoIdentityProvider.framework; path = MySampleApp/Sdk/Aws/AWSCognitoIdentityProvider.framework; sourceTree = "<group>"; };
		1DD70E296F64BBE500000000 /* NoSQLTableFactory.swift */ = {isa = PBXFileReference; lastKnownFileType = sourcecode.swift; name = NoSQLTableFactory.swift; path = MySampleApp/Demo/NoSQL/NoSQLTableFactory.swift; sourceTree = SOURCE_ROOT; };
		1DD70E2971B0811500000000 /* Security.framework */ = {isa = PBXFileReference; lastKnownFileType = wrapper.framework; name = Security.framework; path = System/Library/Frameworks/Security.framework; sourceTree = SDKROOT; };
		1DD70E297A843E7900000000 /* SafariServices.framework */ = {isa = PBXFileReference; lastKnownFileType = wrapper.framework; name = SafariServices.framework; path = System/Library/Frameworks/SafariServices.framework; sourceTree = SDKROOT; };
		1DD70E297C04359F00000000 /* Foundation.framework */ = {isa = PBXFileReference; lastKnownFileType = wrapper.framework; name = Foundation.framework; path = System/Library/Frameworks/Foundation.framework; sourceTree = SDKROOT; };
		1DD70E297D45C38400000000 /* libsqlite3.tbd */ = {isa = PBXFileReference; lastKnownFileType = "sourcecode.text-based-dylib-definition"; name = libsqlite3.tbd; path = usr/lib/libsqlite3.tbd; sourceTree = SDKROOT; };
		1DD70E297FA6FABB00000000 /* UserIdentityViewController.swift */ = {isa = PBXFileReference; lastKnownFileType = sourcecode.swift; name = UserIdentityViewController.swift; path = MySampleApp/Demo/UserIdentity/UserIdentityViewController.swift; sourceTree = SOURCE_ROOT; };
		1DD70E2983A2DAC900000000 /* UserPoolNewPasswordViewController.swift */ = {isa = PBXFileReference; lastKnownFileType = sourcecode.swift; name = UserPoolNewPasswordViewController.swift; path = MySampleApp/App/SignIn/UserPools/UserPoolNewPasswordViewController.swift; sourceTree = SOURCE_ROOT; };
		1DD70E29898CAC8700000000 /* FoodTable.swift */ = {isa = PBXFileReference; lastKnownFileType = sourcecode.swift; name = FoodTable.swift; path = MySampleApp/Demo/NoSQL/FoodTable.swift; sourceTree = SOURCE_ROOT; };
		1DD70E29A0E5A7D500000000 /* MySampleApp.entitlements */ = {isa = PBXFileReference; lastKnownFileType = text.plist.entitlements; name = MySampleApp.entitlements; path = MySampleApp/MySampleApp.entitlements; sourceTree = SOURCE_ROOT; };
		1DD70E29A1CD7A3C00000000 /* UtilityFunctions.swift */ = {isa = PBXFileReference; lastKnownFileType = sourcecode.swift; name = UtilityFunctions.swift; path = MySampleApp/App/Utility/UtilityFunctions.swift; sourceTree = SOURCE_ROOT; };
		1DD70E29A9AC5F3B00000000 /* MySampleApp.app */ = {isa = PBXFileReference; explicitFileType = wrapper.application; path = MySampleApp.app; sourceTree = BUILT_PRODUCTS_DIR; };
		1DD70E29A9F2A40100000000 /* Launch Screen.storyboard */ = {isa = PBXFileReference; lastKnownFileType = file.storyboard; name = "Launch Screen.storyboard"; path = "MySampleApp/App/Launch Screen.storyboard"; sourceTree = SOURCE_ROOT; };
		1DD70E29AD9D52F900000000 /* AWSConfiguration.swift */ = {isa = PBXFileReference; lastKnownFileType = sourcecode.swift; name = AWSConfiguration.swift; path = MySampleApp/AmazonAws/AWSConfiguration.swift; sourceTree = SOURCE_ROOT; };
		1DD70E29AE21346600000000 /* AWSCore.framework */ = {isa = PBXFileReference; lastKnownFileType = wrapper.framework; name = AWSCore.framework; path = MySampleApp/Sdk/Aws/AWSCore.framework; sourceTree = "<group>"; };
		1DD70E29B0E8646600000000 /* Food.swift */ = {isa = PBXFileReference; lastKnownFileType = sourcecode.swift; name = Food.swift; path = MySampleApp/AmazonAws/Models/NoSQL/Food.swift; sourceTree = SOURCE_ROOT; };
		1DD70E29B19D94C300000000 /* UserPoolForgotPasswordViewController.swift */ = {isa = PBXFileReference; lastKnownFileType = sourcecode.swift; name = UserPoolForgotPasswordViewController.swift; path = MySampleApp/App/SignIn/UserPools/UserPoolForgotPasswordViewController.swift; sourceTree = SOURCE_ROOT; };
		1DD70E29B5660F1100000000 /* UserTable.swift */ = {isa = PBXFileReference; lastKnownFileType = sourcecode.swift; name = UserTable.swift; path = MySampleApp/Demo/NoSQL/UserTable.swift; sourceTree = SOURCE_ROOT; };
		1DD70E29B5EF859300000000 /* CFNetwork.framework */ = {isa = PBXFileReference; lastKnownFileType = wrapper.framework; name = CFNetwork.framework; path = System/Library/Frameworks/CFNetwork.framework; sourceTree = SDKROOT; };
		1DD70E29B7EC6F9100000000 /* UserIdentity.storyboard */ = {isa = PBXFileReference; lastKnownFileType = file.storyboard; name = UserIdentity.storyboard; path = MySampleApp/Demo/UserIdentity/UserIdentity.storyboard; sourceTree = SOURCE_ROOT; };
		1DD70E29C65ECE1500000000 /* UIKit.framework */ = {isa = PBXFileReference; lastKnownFileType = wrapper.framework; name = UIKit.framework; path = System/Library/Frameworks/UIKit.framework; sourceTree = SDKROOT; };
		1DD70E29CAB8D0A200000000 /* Pet.swift */ = {isa = PBXFileReference; lastKnownFileType = sourcecode.swift; name = Pet.swift; path = MySampleApp/AmazonAws/Models/NoSQL/Pet.swift; sourceTree = SOURCE_ROOT; };
		1DD70E29D21D8DE700000000 /* NoSQLSampleDataGenerator.swift */ = {isa = PBXFileReference; lastKnownFileType = sourcecode.swift; name = NoSQLSampleDataGenerator.swift; path = MySampleApp/Demo/NoSQL/NoSQLSampleDataGenerator.swift; sourceTree = SOURCE_ROOT; };
		1DD70E29D47817E800000000 /* Feeding.swift */ = {isa = PBXFileReference; lastKnownFileType = sourcecode.swift; name = Feeding.swift; path = MySampleApp/AmazonAws/Models/NoSQL/Feeding.swift; sourceTree = SOURCE_ROOT; };
		1DD70E29DDA7D42B00000000 /* NoSQLTableListViewController.swift */ = {isa = PBXFileReference; lastKnownFileType = sourcecode.swift; name = NoSQLTableListViewController.swift; path = MySampleApp/Demo/NoSQL/NoSQLTableListViewController.swift; sourceTree = SOURCE_ROOT; };
		1DD70E29E4927CB300000000 /* AppDelegate.swift */ = {isa = PBXFileReference; lastKnownFileType = sourcecode.swift; name = AppDelegate.swift; path = MySampleApp/App/AppDelegate.swift; sourceTree = SOURCE_ROOT; };
		1DD70E29E9954B7700000000 /* FeedingTable.swift */ = {isa = PBXFileReference; lastKnownFileType = sourcecode.swift; name = FeedingTable.swift; path = MySampleApp/Demo/NoSQL/FeedingTable.swift; sourceTree = SOURCE_ROOT; };
		1DD70E29EACA8D2A00000000 /* SignIn.storyboard */ = {isa = PBXFileReference; lastKnownFileType = file.storyboard; name = SignIn.storyboard; path = MySampleApp/App/SignIn/SignIn.storyboard; sourceTree = SOURCE_ROOT; };
		1DD70E29F159272F00000000 /* UserPoolSignUpViewController.swift */ = {isa = PBXFileReference; lastKnownFileType = sourcecode.swift; name = UserPoolSignUpViewController.swift; path = MySampleApp/App/SignIn/UserPools/UserPoolSignUpViewController.swift; sourceTree = SOURCE_ROOT; };
		1DD70E29F33A838900000000 /* NoSQLQueryResultViewController.swift */ = {isa = PBXFileReference; lastKnownFileType = sourcecode.swift; name = NoSQLQueryResultViewController.swift; path = MySampleApp/Demo/NoSQL/NoSQLQueryResultViewController.swift; sourceTree = SOURCE_ROOT; };
		1DD70E29F442C06700000000 /* NoSQLDatabase.storyboard */ = {isa = PBXFileReference; lastKnownFileType = file.storyboard; name = NoSQLDatabase.storyboard; path = MySampleApp/Demo/NoSQL/NoSQLDatabase.storyboard; sourceTree = SOURCE_ROOT; };
		1DD70E29F55A6E9500000000 /* UserPoolSignUpConfirmationViewController.swift */ = {isa = PBXFileReference; lastKnownFileType = sourcecode.swift; name = UserPoolSignUpConfirmationViewController.swift; path = MySampleApp/App/SignIn/UserPools/UserPoolSignUpConfirmationViewController.swift; sourceTree = SOURCE_ROOT; };
		1DD70E29F83E194200000000 /* SignInViewController.swift */ = {isa = PBXFileReference; lastKnownFileType = sourcecode.swift; name = SignInViewController.swift; path = MySampleApp/App/SignIn/SignInViewController.swift; sourceTree = SOURCE_ROOT; };
		1DD70E29F9EA139C00000000 /* User.swift */ = {isa = PBXFileReference; lastKnownFileType = sourcecode.swift; name = User.swift; path = MySampleApp/AmazonAws/Models/NoSQL/User.swift; sourceTree = SOURCE_ROOT; };
		1DD70E29FC0D6AA400000000 /* AWSDynamoDB.framework */ = {isa = PBXFileReference; lastKnownFileType = wrapper.framework; name = AWSDynamoDB.framework; path = MySampleApp/Sdk/Aws/AWSDynamoDB.framework; sourceTree = "<group>"; };
		8446924C1E884117008711E1 /* OpenSans-Bold.ttf */ = {isa = PBXFileReference; lastKnownFileType = file; path = "OpenSans-Bold.ttf"; sourceTree = "<group>"; };
		8446924D1E884117008711E1 /* OpenSans-BoldItalic.ttf */ = {isa = PBXFileReference; lastKnownFileType = file; path = "OpenSans-BoldItalic.ttf"; sourceTree = "<group>"; };
		8446924E1E884117008711E1 /* OpenSans-ExtraBold.ttf */ = {isa = PBXFileReference; lastKnownFileType = file; path = "OpenSans-ExtraBold.ttf"; sourceTree = "<group>"; };
		8446924F1E884117008711E1 /* OpenSans-ExtraBoldItalic.ttf */ = {isa = PBXFileReference; lastKnownFileType = file; path = "OpenSans-ExtraBoldItalic.ttf"; sourceTree = "<group>"; };
		844692501E884117008711E1 /* OpenSans-Italic.ttf */ = {isa = PBXFileReference; lastKnownFileType = file; path = "OpenSans-Italic.ttf"; sourceTree = "<group>"; };
		844692511E884117008711E1 /* OpenSans-Light.ttf */ = {isa = PBXFileReference; lastKnownFileType = file; path = "OpenSans-Light.ttf"; sourceTree = "<group>"; };
		844692521E884117008711E1 /* OpenSans-LightItalic.ttf */ = {isa = PBXFileReference; lastKnownFileType = file; path = "OpenSans-LightItalic.ttf"; sourceTree = "<group>"; };
		844692531E884117008711E1 /* OpenSans-Regular.ttf */ = {isa = PBXFileReference; lastKnownFileType = file; path = "OpenSans-Regular.ttf"; sourceTree = "<group>"; };
		844692541E884117008711E1 /* OpenSans-Semibold.ttf */ = {isa = PBXFileReference; lastKnownFileType = file; path = "OpenSans-Semibold.ttf"; sourceTree = "<group>"; };
		844692551E884117008711E1 /* OpenSans-SemiboldItalic.ttf */ = {isa = PBXFileReference; lastKnownFileType = file; path = "OpenSans-SemiboldItalic.ttf"; sourceTree = "<group>"; };
		844692561E884202008711E1 /* InitialViewController.swift */ = {isa = PBXFileReference; fileEncoding = 4; lastKnownFileType = sourcecode.swift; name = InitialViewController.swift; path = MySampleApp/App/SignIn/InitialViewController.swift; sourceTree = SOURCE_ROOT; };
		844692621E885DE3008711E1 /* Charts.xcodeproj */ = {isa = PBXFileReference; lastKnownFileType = "wrapper.pb-project"; name = Charts.xcodeproj; path = ../../Charts/Charts.xcodeproj; sourceTree = "<group>"; };
		8446926F1E887FB2008711E1 /* NewUserViewControllerOne.swift */ = {isa = PBXFileReference; fileEncoding = 4; lastKnownFileType = sourcecode.swift; path = NewUserViewControllerOne.swift; sourceTree = SOURCE_ROOT; };
		844692711E887FC3008711E1 /* NewUserViewControllerTwo.swift */ = {isa = PBXFileReference; fileEncoding = 4; lastKnownFileType = sourcecode.swift; path = NewUserViewControllerTwo.swift; sourceTree = SOURCE_ROOT; };
		844692731E887FD1008711E1 /* NewUserViewControllerThree.swift */ = {isa = PBXFileReference; fileEncoding = 4; lastKnownFileType = sourcecode.swift; path = NewUserViewControllerThree.swift; sourceTree = SOURCE_ROOT; };
		844692751E888CF7008711E1 /* NewUserViewControllerFour.swift */ = {isa = PBXFileReference; fileEncoding = 4; lastKnownFileType = sourcecode.swift; path = NewUserViewControllerFour.swift; sourceTree = SOURCE_ROOT; };
		8446927D1E894D65008711E1 /* AddFoodViewController.swift */ = {isa = PBXFileReference; fileEncoding = 4; lastKnownFileType = sourcecode.swift; path = AddFoodViewController.swift; sourceTree = SOURCE_ROOT; };
		84832BCC1E8992BA00D99B90 /* SettingsViewController.swift */ = {isa = PBXFileReference; fileEncoding = 4; lastKnownFileType = sourcecode.swift; path = SettingsViewController.swift; sourceTree = SOURCE_ROOT; };
		84832BCE1E89A86500D99B90 /* FoodListViewController.swift */ = {isa = PBXFileReference; fileEncoding = 4; lastKnownFileType = sourcecode.swift; path = FoodListViewController.swift; sourceTree = SOURCE_ROOT; };
		84A80DBB1E8AB4D9009DC9AA /* FeedingTimeViewController.swift */ = {isa = PBXFileReference; fileEncoding = 4; lastKnownFileType = sourcecode.swift; path = FeedingTimeViewController.swift; sourceTree = SOURCE_ROOT; };
		84A80DC01E8AE776009DC9AA /* FoodTableViewCell.swift */ = {isa = PBXFileReference; fileEncoding = 4; lastKnownFileType = sourcecode.swift; path = FoodTableViewCell.swift; sourceTree = SOURCE_ROOT; };
/* End PBXFileReference section */

/* Begin PBXFrameworksBuildPhase section */
		4F426D880000000000000000 /* Frameworks */ = {
			isa = PBXFrameworksBuildPhase;
			buildActionMask = 2147483647;
			files = (
				8446926E1E885E03008711E1 /* Charts.framework in Frameworks */,
				E7A30F045105B41800000001 /* AWSCognitoIdentityProvider.framework in Frameworks */,
				E7A30F04C1F1DC9000000001 /* AWSDynamoDB.framework in Frameworks */,
				E7A30F04D2943AE700000001 /* AWSCore.framework in Frameworks */,
				E7A30F04B6460A2600000000 /* AWSMobileHubHelper.framework in Frameworks */,
				E7A30F04B686C59B00000000 /* UIKit.framework in Frameworks */,
				E7A30F04C9901FC000000000 /* SystemConfiguration.framework in Frameworks */,
				E7A30F04FEBCA13700000000 /* Security.framework in Frameworks */,
				E7A30F044DDF393B00000000 /* CFNetwork.framework in Frameworks */,
				E7A30F041BAAD07400000000 /* libz.tbd in Frameworks */,
				E7A30F040B257A9C00000000 /* libsqlite3.tbd in Frameworks */,
				E7A30F04DAE3335B00000000 /* Foundation.framework in Frameworks */,
				E7A30F04DB5794EA00000000 /* MediaPlayer.framework in Frameworks */,
				E7A30F0412D95B7000000000 /* SafariServices.framework in Frameworks */,
			);
			runOnlyForDeploymentPostprocessing = 0;
		};
/* End PBXFrameworksBuildPhase section */

/* Begin PBXGroup section */
		844692631E885DE3008711E1 /* Products */ = {
			isa = PBXGroup;
			children = (
				844692691E885DE4008711E1 /* Charts.framework */,
				8446926B1E885DE4008711E1 /* ChartsRealm.framework */,
				8446926D1E885DE4008711E1 /* ChartsTests.xctest */,
			);
			name = Products;
			sourceTree = "<group>";
		};
		B401C9790CE7DA0200000000 /* UserIdentity */ = {
			isa = PBXGroup;
			children = (
				1DD70E29B7EC6F9100000000 /* UserIdentity.storyboard */,
				1DD70E297FA6FABB00000000 /* UserIdentityViewController.swift */,
			);
			name = UserIdentity;
			path = mysampleapp/demo/useridentity;
			sourceTree = "<group>";
		};
		B401C97925DC824A00000000 /* NoSQL */ = {
			isa = PBXGroup;
			children = (
				1DD70E29E9954B7700000000 /* FeedingTable.swift */,
				1DD70E29898CAC8700000000 /* FoodTable.swift */,
				1DD70E29F442C06700000000 /* NoSQLDatabase.storyboard */,
				1DD70E2942AEB46500000000 /* NoSQLModelHelpers.swift */,
				1DD70E29F33A838900000000 /* NoSQLQueryResultViewController.swift */,
				1DD70E29D21D8DE700000000 /* NoSQLSampleDataGenerator.swift */,
				1DD70E296F64BBE500000000 /* NoSQLTableFactory.swift */,
				1DD70E29DDA7D42B00000000 /* NoSQLTableListViewController.swift */,
				1DD70E293A3A114700000000 /* NoSQLTableViewController.swift */,
				1DD70E295B2BD37D00000000 /* PetTable.swift */,
				1DD70E29B5660F1100000000 /* UserTable.swift */,
			);
			name = NoSQL;
			path = mysampleapp/demo/nosql;
			sourceTree = "<group>";
		};
		B401C9793D0F073A00000000 /* Models */ = {
			isa = PBXGroup;
			children = (
				B401C979C7FE409F00000000 /* NoSQL */,
			);
			name = Models;
			path = mysampleapp/amazonaws/models;
			sourceTree = "<group>";
		};
		B401C9796DC12E2600000000 /* App */ = {
			isa = PBXGroup;
			children = (
				1DD70E29E4927CB300000000 /* AppDelegate.swift */,
				1DD70E2926521A9100000000 /* Images.xcassets */,
				1DD70E29A9F2A40100000000 /* Launch Screen.storyboard */,
				1DD70E29011D052D00000000 /* Main.storyboard */,
				84A80DC01E8AE776009DC9AA /* FoodTableViewCell.swift */,
				84A80DBB1E8AB4D9009DC9AA /* FeedingTimeViewController.swift */,
				84832BCE1E89A86500D99B90 /* FoodListViewController.swift */,
				1DD70E29280EF49F00000000 /* MainViewController.swift */,
				84832BCC1E8992BA00D99B90 /* SettingsViewController.swift */,
				8446927D1E894D65008711E1 /* AddFoodViewController.swift */,
				8446926F1E887FB2008711E1 /* NewUserViewControllerOne.swift */,
				844692711E887FC3008711E1 /* NewUserViewControllerTwo.swift */,
				844692731E887FD1008711E1 /* NewUserViewControllerThree.swift */,
				844692751E888CF7008711E1 /* NewUserViewControllerFour.swift */,
				B401C97994D1E94200000000 /* SignIn */,
				B401C9798F85812A00000000 /* SupportingFiles */,
				B401C979980D281A00000000 /* Utility */,
			);
			name = App;
			path = mysampleapp/app;
			sourceTree = "<group>";
		};
		B401C9796EA8621500000000 /* Frameworks */ = {
			isa = PBXGroup;
			children = (
				1DD70E296C0EA02600000000 /* AWSCognitoIdentityProvider.framework */,
				1DD70E29AE21346600000000 /* AWSCore.framework */,
				1DD70E29FC0D6AA400000000 /* AWSDynamoDB.framework */,
				1DD70E293EF3A2E700000000 /* AWSMobileHubHelper.framework */,
				1DD70E29B5EF859300000000 /* CFNetwork.framework */,
				1DD70E297C04359F00000000 /* Foundation.framework */,
				1DD70E29559DB23F00000000 /* MediaPlayer.framework */,
				1DD70E297A843E7900000000 /* SafariServices.framework */,
				1DD70E2971B0811500000000 /* Security.framework */,
				1DD70E295D478E9B00000000 /* SystemConfiguration.framework */,
				1DD70E29C65ECE1500000000 /* UIKit.framework */,
				1DD70E297D45C38400000000 /* libsqlite3.tbd */,
				1DD70E293786928E00000000 /* libz.tbd */,
			);
			name = Frameworks;
			sourceTree = "<group>";
		};
		B401C9796EC134A800000000 /* Products */ = {
			isa = PBXGroup;
			children = (
				1DD70E29A9AC5F3B00000000 /* MySampleApp.app */,
			);
			name = Products;
			sourceTree = "<group>";
		};
		B401C9797D7B042200000000 /* mainGroup */ = {
			isa = PBXGroup;
			children = (
				844692621E885DE3008711E1 /* Charts.xcodeproj */,
				8446924C1E884117008711E1 /* OpenSans-Bold.ttf */,
				8446924D1E884117008711E1 /* OpenSans-BoldItalic.ttf */,
				8446924E1E884117008711E1 /* OpenSans-ExtraBold.ttf */,
				8446924F1E884117008711E1 /* OpenSans-ExtraBoldItalic.ttf */,
				844692501E884117008711E1 /* OpenSans-Italic.ttf */,
				844692511E884117008711E1 /* OpenSans-Light.ttf */,
				844692521E884117008711E1 /* OpenSans-LightItalic.ttf */,
				844692531E884117008711E1 /* OpenSans-Regular.ttf */,
				844692541E884117008711E1 /* OpenSans-Semibold.ttf */,
				844692551E884117008711E1 /* OpenSans-SemiboldItalic.ttf */,
				B401C9796EC134A800000000 /* Products */,
				B401C9797F0C54C600000000 /* MySampleApp */,
				B401C9796EA8621500000000 /* Frameworks */,
			);
			name = mainGroup;
			sourceTree = "<group>";
		};
		B401C9797F0C54C600000000 /* MySampleApp */ = {
			isa = PBXGroup;
			children = (
				B401C97993820CF600000000 /* AmazonAws */,
				B401C9796DC12E2600000000 /* App */,
				B401C979EC6A799A00000000 /* Demo */,
				1DD70E29A0E5A7D500000000 /* MySampleApp.entitlements */,
			);
			name = MySampleApp;
			path = mysampleapp;
			sourceTree = "<group>";
		};
		B401C9798F85812A00000000 /* SupportingFiles */ = {
			isa = PBXGroup;
			children = (
				1DD70E29697B4A7000000000 /* Info.plist */,
			);
			name = SupportingFiles;
			path = mysampleapp/app/supportingfiles;
			sourceTree = "<group>";
		};
		B401C97993820CF600000000 /* AmazonAws */ = {
			isa = PBXGroup;
			children = (
				1DD70E29AD9D52F900000000 /* AWSConfiguration.swift */,
				1DD70E2947C1528300000000 /* AWSMobileClient.swift */,
				B401C9793D0F073A00000000 /* Models */,
			);
			name = AmazonAws;
			path = mysampleapp/amazonaws;
			sourceTree = "<group>";
		};
		B401C97994D1E94200000000 /* SignIn */ = {
			isa = PBXGroup;
			children = (
				844692561E884202008711E1 /* InitialViewController.swift */,
				1DD70E29EACA8D2A00000000 /* SignIn.storyboard */,
				1DD70E29F83E194200000000 /* SignInViewController.swift */,
				B401C979B101E2F900000000 /* UserPools */,
			);
			name = SignIn;
			path = mysampleapp/app/signin;
			sourceTree = "<group>";
		};
		B401C979980D281A00000000 /* Utility */ = {
			isa = PBXGroup;
			children = (
				1DD70E29A1CD7A3C00000000 /* UtilityFunctions.swift */,
			);
			name = Utility;
			path = mysampleapp/app/utility;
			sourceTree = "<group>";
		};
		B401C979B101E2F900000000 /* UserPools */ = {
			isa = PBXGroup;
			children = (
				1DD70E293004543100000000 /* SignInViewControllerExtensions.swift */,
				1DD70E29B19D94C300000000 /* UserPoolForgotPasswordViewController.swift */,
				1DD70E290752513F00000000 /* UserPoolMFAViewController.swift */,
				1DD70E2983A2DAC900000000 /* UserPoolNewPasswordViewController.swift */,
				1DD70E29F55A6E9500000000 /* UserPoolSignUpConfirmationViewController.swift */,
				1DD70E29F159272F00000000 /* UserPoolSignUpViewController.swift */,
				1DD70E2910888AB300000000 /* UserPools.storyboard */,
			);
			name = UserPools;
			path = mysampleapp/app/signin/userpools;
			sourceTree = "<group>";
		};
		B401C979C7FE409F00000000 /* NoSQL */ = {
			isa = PBXGroup;
			children = (
				1DD70E29D47817E800000000 /* Feeding.swift */,
				1DD70E29B0E8646600000000 /* Food.swift */,
				1DD70E29CAB8D0A200000000 /* Pet.swift */,
				1DD70E29F9EA139C00000000 /* User.swift */,
			);
			name = NoSQL;
			path = mysampleapp/amazonaws/models/nosql;
			sourceTree = "<group>";
		};
		B401C979EC6A799A00000000 /* Demo */ = {
			isa = PBXGroup;
			children = (
				1DD70E29193A008B00000000 /* DemoFeature.swift */,
				B401C97925DC824A00000000 /* NoSQL */,
				B401C9790CE7DA0200000000 /* UserIdentity */,
			);
			name = Demo;
			path = mysampleapp/demo;
			sourceTree = "<group>";
		};
/* End PBXGroup section */

/* Begin PBXNativeTarget section */
		E66DC04E0000000000000000 /* MySampleApp */ = {
			isa = PBXNativeTarget;
			buildConfigurationList = 218C37090000000000000001 /* Build configuration list for PBXNativeTarget "MySampleApp" */;
			buildPhases = (
				E1F174220000000000000001 /* ShellScript */,
				1870857F0000000000000000 /* Sources */,
				4F426D880000000000000000 /* Frameworks */,
				8A032D2C0000000000000000 /* Resources */,
				FAF5FAC90000000000000000 /* Embed Frameworks */,
				E1F174220000000000000000 /* ShellScript */,
			);
			buildRules = (
			);
			dependencies = (
			);
			name = MySampleApp;
			productName = MySampleApp;
			productReference = 1DD70E29A9AC5F3B00000000 /* MySampleApp.app */;
			productType = "com.apple.product-type.application";
		};
/* End PBXNativeTarget section */

/* Begin PBXProject section */
		96C847930000000000000000 /* Project object */ = {
			isa = PBXProject;
			attributes = {
				LastSwiftUpdateCheck = 0820;
				LastUpgradeCheck = 0820;
				TargetAttributes = {
					E66DC04E0000000000000000 = {
						LastSwiftMigration = 0810;
					};
				};
			};
			buildConfigurationList = 218C37090000000000000000 /* Build configuration list for PBXProject "MySampleApp" */;
			compatibilityVersion = "Xcode 3.2";
			developmentRegion = English;
			hasScannedForEncodings = 0;
			knownRegions = (
				en,
				Base,
			);
			mainGroup = B401C9797D7B042200000000 /* mainGroup */;
			productRefGroup = B401C9796EC134A800000000 /* Products */;
			projectDirPath = "";
			projectReferences = (
				{
					ProductGroup = 844692631E885DE3008711E1 /* Products */;
					ProjectRef = 844692621E885DE3008711E1 /* Charts.xcodeproj */;
				},
			);
			projectRoot = "";
			targets = (
				E66DC04E0000000000000000 /* MySampleApp */,
			);
		};
/* End PBXProject section */

/* Begin PBXReferenceProxy section */
		844692691E885DE4008711E1 /* Charts.framework */ = {
			isa = PBXReferenceProxy;
			fileType = wrapper.framework;
			path = Charts.framework;
			remoteRef = 844692681E885DE4008711E1 /* PBXContainerItemProxy */;
			sourceTree = BUILT_PRODUCTS_DIR;
		};
		8446926B1E885DE4008711E1 /* ChartsRealm.framework */ = {
			isa = PBXReferenceProxy;
			fileType = wrapper.framework;
			path = ChartsRealm.framework;
			remoteRef = 8446926A1E885DE4008711E1 /* PBXContainerItemProxy */;
			sourceTree = BUILT_PRODUCTS_DIR;
		};
		8446926D1E885DE4008711E1 /* ChartsTests.xctest */ = {
			isa = PBXReferenceProxy;
			fileType = wrapper.cfbundle;
			path = ChartsTests.xctest;
			remoteRef = 8446926C1E885DE4008711E1 /* PBXContainerItemProxy */;
			sourceTree = BUILT_PRODUCTS_DIR;
		};
/* End PBXReferenceProxy section */

/* Begin PBXResourcesBuildPhase section */
		8A032D2C0000000000000000 /* Resources */ = {
			isa = PBXResourcesBuildPhase;
			buildActionMask = 2147483647;
			files = (
				8446925D1E8859BF008711E1 /* OpenSans-Light.ttf in Resources */,
				E7A30F045FAFBC9C00000000 /* SignIn.storyboard in Resources */,
				8446925E1E8859BF008711E1 /* OpenSans-LightItalic.ttf in Resources */,
				E7A30F043FBAD73600000000 /* Launch Screen.storyboard in Resources */,
				844692601E8859BF008711E1 /* OpenSans-Semibold.ttf in Resources */,
				844692611E8859BF008711E1 /* OpenSans-SemiboldItalic.ttf in Resources */,
				844692581E8859BF008711E1 /* OpenSans-Bold.ttf in Resources */,
				E7A30F04E196F03C00000000 /* Images.xcassets in Resources */,
				E7A30F042A6CC1A900000000 /* UserIdentity.storyboard in Resources */,
				E7A30F043E26C8FE00000000 /* NoSQLDatabase.storyboard in Resources */,
				844692591E8859BF008711E1 /* OpenSans-BoldItalic.ttf in Resources */,
				E7A30F04417E59A900000000 /* UserPools.storyboard in Resources */,
				8446925F1E8859BF008711E1 /* OpenSans-Regular.ttf in Resources */,
				E7A30F04071EEC5500000000 /* Main.storyboard in Resources */,
				8446925C1E8859BF008711E1 /* OpenSans-Italic.ttf in Resources */,
				8446925B1E8859BF008711E1 /* OpenSans-ExtraBoldItalic.ttf in Resources */,
				8446925A1E8859BF008711E1 /* OpenSans-ExtraBold.ttf in Resources */,
			);
			runOnlyForDeploymentPostprocessing = 0;
		};
/* End PBXResourcesBuildPhase section */

/* Begin PBXShellScriptBuildPhase section */
		E1F174220000000000000000 /* ShellScript */ = {
			isa = PBXShellScriptBuildPhase;
			buildActionMask = 2147483647;
			files = (
			);
			inputPaths = (
			);
			outputPaths = (
			);
			runOnlyForDeploymentPostprocessing = 0;
			shellPath = /bin/sh;
			shellScript = "bash \"${BUILT_PRODUCTS_DIR}/${FRAMEWORKS_FOLDER_PATH}/AWSCore.framework/strip-frameworks.sh\"";
		};
		E1F174220000000000000001 /* ShellScript */ = {
			isa = PBXShellScriptBuildPhase;
			buildActionMask = 2147483647;
			files = (
			);
			inputPaths = (
			);
			outputPaths = (
			);
			runOnlyForDeploymentPostprocessing = 0;
			shellPath = /bin/sh;
			shellScript = "FILE=${SRCROOT}/MySampleApp/Sdk/CheckXcodeVersion.sh\nif [ -e $FILE ]; then\n    $FILE\nfi";
		};
/* End PBXShellScriptBuildPhase section */

/* Begin PBXSourcesBuildPhase section */
		1870857F0000000000000000 /* Sources */ = {
			isa = PBXSourcesBuildPhase;
			buildActionMask = 2147483647;
			files = (
				E7A30F04F36D39EE00000000 /* UserPoolSignUpViewController.swift in Sources */,
				84A80DC11E8AE776009DC9AA /* FoodTableViewCell.swift in Sources */,
				E7A30F046638247700000000 /* NoSQLQueryResultViewController.swift in Sources */,
				844692721E887FC3008711E1 /* NewUserViewControllerTwo.swift in Sources */,
				E7A30F04011761FF00000000 /* UserPoolNewPasswordViewController.swift in Sources */,
				E7A30F04F436E84900000000 /* Feeding.swift in Sources */,
				E7A30F044F0CC4E300000000 /* SignInViewController.swift in Sources */,
				84832BCF1E89A86500D99B90 /* FoodListViewController.swift in Sources */,
				E7A30F04EAF543AD00000000 /* PetTable.swift in Sources */,
				E7A30F0482BFD68A00000000 /* Pet.swift in Sources */,
				E7A30F04EF2A7A7C00000000 /* Food.swift in Sources */,
				E7A30F04EBB3733200000000 /* UserPoolSignUpConfirmationViewController.swift in Sources */,
				E7A30F04FBFE40D800000000 /* NoSQLTableListViewController.swift in Sources */,
				E7A30F04F2BEA0CE00000000 /* User.swift in Sources */,
				E7A30F0431018C6C00000000 /* FeedingTable.swift in Sources */,
				E7A30F041A7F5B9A00000000 /* NoSQLTableFactory.swift in Sources */,
				8446927E1E894D65008711E1 /* AddFoodViewController.swift in Sources */,
				E7A30F04CA6ED38900000000 /* UserPoolMFAViewController.swift in Sources */,
				84A80DBC1E8AB4D9009DC9AA /* FeedingTimeViewController.swift in Sources */,
				E7A30F043B11ABD100000000 /* UserTable.swift in Sources */,
				E7A30F04793C5A0F00000000 /* AppDelegate.swift in Sources */,
				E7A30F04A37C515F00000000 /* UserPoolForgotPasswordViewController.swift in Sources */,
				844692761E888CF7008711E1 /* NewUserViewControllerFour.swift in Sources */,
				E7A30F0460918F8200000000 /* DemoFeature.swift in Sources */,
				E7A30F04771A06EE00000000 /* AWSConfiguration.swift in Sources */,
				844692571E884202008711E1 /* InitialViewController.swift in Sources */,
				E7A30F042B98A26600000000 /* SignInViewControllerExtensions.swift in Sources */,
				844692741E887FD1008711E1 /* NewUserViewControllerThree.swift in Sources */,
				844692701E887FB2008711E1 /* NewUserViewControllerOne.swift in Sources */,
				E7A30F04524B487D00000000 /* NoSQLSampleDataGenerator.swift in Sources */,
				E7A30F0404ADE05E00000000 /* UtilityFunctions.swift in Sources */,
				E7A30F0480107C9D00000000 /* NoSQLTableViewController.swift in Sources */,
				E7A30F044DC1E2AC00000000 /* MainViewController.swift in Sources */,
				E7A30F043BECFC4F00000000 /* NoSQLModelHelpers.swift in Sources */,
				E7A30F047310C44B00000000 /* FoodTable.swift in Sources */,
				E7A30F04D260619100000000 /* UserIdentityViewController.swift in Sources */,
				E7A30F045602F7C300000000 /* AWSMobileClient.swift in Sources */,
				84832BCD1E8992BA00D99B90 /* SettingsViewController.swift in Sources */,
			);
			runOnlyForDeploymentPostprocessing = 0;
		};
/* End PBXSourcesBuildPhase section */

/* Begin XCBuildConfiguration section */
		49524373386D956C00000000 /* Release */ = {
			isa = XCBuildConfiguration;
			buildSettings = {
				ALWAYS_SEARCH_USER_PATHS = NO;
				CLANG_CXX_LANGUAGE_STANDARD = "gnu++0x";
				CLANG_CXX_LIBRARY = "libc++";
				CLANG_ENABLE_MODULES = YES;
				CLANG_ENABLE_OBJC_ARC = YES;
				CLANG_WARN_BOOL_CONVERSION = YES;
				CLANG_WARN_CONSTANT_CONVERSION = YES;
				CLANG_WARN_DIRECT_OBJC_ISA_USAGE = YES_ERROR;
				CLANG_WARN_EMPTY_BODY = YES;
				CLANG_WARN_ENUM_CONVERSION = YES;
				CLANG_WARN_INFINITE_RECURSION = YES;
				CLANG_WARN_INT_CONVERSION = YES;
				CLANG_WARN_OBJC_ROOT_CLASS = YES_ERROR;
				CLANG_WARN_SUSPICIOUS_MOVE = YES;
				CLANG_WARN_UNREACHABLE_CODE = YES;
				CLANG_WARN__DUPLICATE_METHOD_MATCH = YES;
				"CODE_SIGN_IDENTITY[sdk=iphoneos*]" = "iPhone Developer";
				COPY_PHASE_STRIP = NO;
				DEBUG_INFORMATION_FORMAT = "dwarf-with-dsym";
				ENABLE_NS_ASSERTIONS = NO;
				ENABLE_STRICT_OBJC_MSGSEND = YES;
				GCC_C_LANGUAGE_STANDARD = gnu99;
				GCC_NO_COMMON_BLOCKS = YES;
				GCC_WARN_64_TO_32_BIT_CONVERSION = YES;
				GCC_WARN_ABOUT_RETURN_TYPE = YES_ERROR;
				GCC_WARN_UNDECLARED_SELECTOR = YES;
				GCC_WARN_UNINITIALIZED_AUTOS = YES_AGGRESSIVE;
				GCC_WARN_UNUSED_FUNCTION = YES;
				GCC_WARN_UNUSED_VARIABLE = YES;
				IPHONEOS_DEPLOYMENT_TARGET = 8.0;
				MTL_ENABLE_DEBUG_INFO = NO;
				ONLY_ACTIVE_ARCH = NO;
				OTHER_LDFLAGS = "$(OTHER_LDFLAGS)";
				SDKROOT = iphoneos;
				TARGETED_DEVICE_FAMILY = "1,2";
				VALIDATE_PRODUCT = YES;
			};
			name = Release;
		};
		49524373386D956C00000001 /* Release */ = {
			isa = XCBuildConfiguration;
			buildSettings = {
				ASSETCATALOG_COMPILER_APPICON_NAME = AppIcon;
				CODE_SIGN_ENTITLEMENTS = MySampleApp/MySampleApp.entitlements;
				CODE_SIGN_IDENTITY = "iphone Developer";
				ENABLE_BITCODE = NO;
				FRAMEWORK_SEARCH_PATHS = (
					"$(inherited)",
					"$(PROJECT_DIR)",
					"$(PROJECT_DIR)/MySampleApp/Sdk/**",
					"$(PROJECT_DIR)/MySampleApp/Sdk/Aws",
					"$(PROJECT_DIR)/MySampleApp/AmazonAws",
				);
				INFOPLIST_FILE = "$(SRCROOT)/MySampleApp/App/SupportingFiles/Info.plist";
				IPHONEOS_DEPLOYMENT_TARGET = 8.0;
				LD_RUNPATH_SEARCH_PATHS = "$(inherited) @executable_path/Frameworks";
				PRODUCT_BUNDLE_IDENTIFIER = "com.amazon.$(PRODUCT_NAME:rfc1034identifier)";
				PRODUCT_NAME = "$(TARGET_NAME)";
				SWIFT_VERSION = 3.0;
				TARGETED_DEVICE_FAMILY = "1,2";
			};
			name = Release;
		};
		4952437346F3E10800000000 /* Debug */ = {
			isa = XCBuildConfiguration;
			buildSettings = {
				ALWAYS_SEARCH_USER_PATHS = NO;
				CLANG_CXX_LANGUAGE_STANDARD = "gnu++0x";
				CLANG_CXX_LIBRARY = "libc++";
				CLANG_ENABLE_MODULES = YES;
				CLANG_ENABLE_OBJC_ARC = YES;
				CLANG_WARN_BOOL_CONVERSION = YES;
				CLANG_WARN_CONSTANT_CONVERSION = YES;
				CLANG_WARN_DIRECT_OBJC_ISA_USAGE = YES_ERROR;
				CLANG_WARN_EMPTY_BODY = YES;
				CLANG_WARN_ENUM_CONVERSION = YES;
				CLANG_WARN_INFINITE_RECURSION = YES;
				CLANG_WARN_INT_CONVERSION = YES;
				CLANG_WARN_OBJC_ROOT_CLASS = YES_ERROR;
				CLANG_WARN_SUSPICIOUS_MOVE = YES;
				CLANG_WARN_UNREACHABLE_CODE = YES;
				CLANG_WARN__DUPLICATE_METHOD_MATCH = YES;
				"CODE_SIGN_IDENTITY[sdk=iphoneos*]" = "iPhone Developer";
				COPY_PHASE_STRIP = NO;
				DEBUG_INFORMATION_FORMAT = "dwarf-with-dsym";
				ENABLE_STRICT_OBJC_MSGSEND = YES;
				ENABLE_TESTABILITY = YES;
				GCC_C_LANGUAGE_STANDARD = gnu99;
				GCC_DYNAMIC_NO_PIC = NO;
				GCC_NO_COMMON_BLOCKS = YES;
				GCC_OPTIMIZATION_LEVEL = 0;
				GCC_PREPROCESSOR_DEFINITIONS = (
					"DEBUG=1",
					"$(inherited)",
				);
				GCC_SYMBOLS_PRIVATE_EXTERN = NO;
				GCC_WARN_64_TO_32_BIT_CONVERSION = YES;
				GCC_WARN_ABOUT_RETURN_TYPE = YES_ERROR;
				GCC_WARN_UNDECLARED_SELECTOR = YES;
				GCC_WARN_UNINITIALIZED_AUTOS = YES_AGGRESSIVE;
				GCC_WARN_UNUSED_FUNCTION = YES;
				GCC_WARN_UNUSED_VARIABLE = YES;
				IPHONEOS_DEPLOYMENT_TARGET = 8.0;
				MTL_ENABLE_DEBUG_INFO = YES;
				ONLY_ACTIVE_ARCH = YES;
				OTHER_LDFLAGS = "$(OTHER_LDFLAGS)";
				SDKROOT = iphoneos;
				SWIFT_OPTIMIZATION_LEVEL = "-Onone";
				TARGETED_DEVICE_FAMILY = "1,2";
			};
			name = Debug;
		};
		4952437346F3E10800000001 /* Debug */ = {
			isa = XCBuildConfiguration;
			buildSettings = {
				ASSETCATALOG_COMPILER_APPICON_NAME = AppIcon;
				CODE_SIGN_ENTITLEMENTS = MySampleApp/MySampleApp.entitlements;
				CODE_SIGN_IDENTITY = "iphone Developer";
				ENABLE_BITCODE = NO;
				FRAMEWORK_SEARCH_PATHS = (
					"$(inherited)",
					"$(PROJECT_DIR)",
					"$(PROJECT_DIR)/MySampleApp/Sdk/**",
					"$(PROJECT_DIR)/MySampleApp/Sdk/Aws",
					"$(PROJECT_DIR)/MySampleApp/AmazonAws",
				);
				INFOPLIST_FILE = "$(SRCROOT)/MySampleApp/App/SupportingFiles/Info.plist";
				IPHONEOS_DEPLOYMENT_TARGET = 8.0;
				LD_RUNPATH_SEARCH_PATHS = "$(inherited) @executable_path/Frameworks";
				PRODUCT_BUNDLE_IDENTIFIER = "com.amazon.$(PRODUCT_NAME:rfc1034identifier)";
				PRODUCT_NAME = "$(TARGET_NAME)";
				SWIFT_VERSION = 3.0;
				TARGETED_DEVICE_FAMILY = "1,2";
			};
			name = Debug;
		};
/* End XCBuildConfiguration section */

/* Begin XCConfigurationList section */
		218C37090000000000000000 /* Build configuration list for PBXProject "MySampleApp" */ = {
			isa = XCConfigurationList;
			buildConfigurations = (
				4952437346F3E10800000000 /* Debug */,
				49524373386D956C00000000 /* Release */,
			);
			defaultConfigurationIsVisible = 0;
			defaultConfigurationName = Release;
		};
		218C37090000000000000001 /* Build configuration list for PBXNativeTarget "MySampleApp" */ = {
			isa = XCConfigurationList;
			buildConfigurations = (
				4952437346F3E10800000001 /* Debug */,
				49524373386D956C00000001 /* Release */,
			);
			defaultConfigurationIsVisible = 0;
			defaultConfigurationName = Release;
		};
/* End XCConfigurationList section */
	};
	rootObject = 96C847930000000000000000 /* Project object */;
}
